
Microsoft Visual Studio Solution File, Format Version 12.00
# Visual Studio Version 17
VisualStudioVersion = 17.2.32616.157
MinimumVisualStudioVersion = 10.0.40219.1
Project("{FAE04EC0-301F-11D3-BF4B-00C04F79EFBC}") = "CITEWiki 2", "CITEWiki 2\CITEWiki 2.csproj", "{367BC25B-A81A-4A26-B1FC-7080D6A7F895}"
EndProject
Global
	GlobalSection(SolutionConfigurationPlatforms) = preSolution
		Debug|Any CPU = Debug|Any CPU
		Release|Any CPU = Release|Any CPU
	EndGlobalSection
	GlobalSection(ProjectConfigurationPlatforms) = postSolution
		{367BC25B-A81A-4A26-B1FC-7080D6A7F895}.Debug|Any CPU.ActiveCfg = Debug|Any CPU
		{367BC25B-A81A-4A26-B1FC-7080D6A7F895}.Debug|Any CPU.Build.0 = Debug|Any CPU
		{367BC25B-A81A-4A26-B1FC-7080D6A7F895}.Release|Any CPU.ActiveCfg = Release|Any CPU
		{367BC25B-A81A-4A26-B1FC-7080D6A7F895}.Release|Any CPU.Build.0 = Release|Any CPU
	EndGlobalSection
	GlobalSection(SolutionProperties) = preSolution
		HideSolutionNode = FALSE
	EndGlobalSection
	GlobalSection(ExtensibilityGlobals) = postSolution
		SolutionGuid = {81F2BA5E-3D3C-40D7-9F63-89A211C3A6C8}
	EndGlobalSection
EndGlobal
